
Microsoft Visual Studio Solution File, Format Version 12.00
# Visual Studio Version 17
VisualStudioVersion = 17.11.35312.102
MinimumVisualStudioVersion = 10.0.40219.1
Project("{2150E333-8FDC-42A3-9474-1A3956D46DE8}") = "src", "src", "{28AE6F15-5EAA-44AC-89D5-1BA3F252E8E9}"
EndProject
Project("{9A19103F-16F7-4668-BE54-9A1E7A4F7556}") = "PPT.App.WebApi", "src\WebApi\PPT.App.WebApi.csproj", "{473CC612-7CE9-4E0F-880E-34F56F586837}"
EndProject
Project("{9A19103F-16F7-4668-BE54-9A1E7A4F7556}") = "PPT.App.Core", "src\Core\PPT.App.Core.csproj", "{36DC7B79-47AE-444F-A578-AF14D263DBE3}"
EndProject
Project("{FAE04EC0-301F-11D3-BF4B-00C04F79EFBC}") = "PPT.App.Common", "src\Common\PPT.App.Common.csproj", "{01E5CB28-3BB6-4F40-8445-AE0760A9DDDC}"
EndProject
Global
	GlobalSection(SolutionConfigurationPlatforms) = preSolution
		Debug|Any CPU = Debug|Any CPU
		Release|Any CPU = Release|Any CPU
	EndGlobalSection
	GlobalSection(ProjectConfigurationPlatforms) = postSolution
		{473CC612-7CE9-4E0F-880E-34F56F586837}.Debug|Any CPU.ActiveCfg = Debug|Any CPU
		{473CC612-7CE9-4E0F-880E-34F56F586837}.Debug|Any CPU.Build.0 = Debug|Any CPU
		{473CC612-7CE9-4E0F-880E-34F56F586837}.Release|Any CPU.ActiveCfg = Release|Any CPU
		{473CC612-7CE9-4E0F-880E-34F56F586837}.Release|Any CPU.Build.0 = Release|Any CPU
		{36DC7B79-47AE-444F-A578-AF14D263DBE3}.Debug|Any CPU.ActiveCfg = Debug|Any CPU
		{36DC7B79-47AE-444F-A578-AF14D263DBE3}.Debug|Any CPU.Build.0 = Debug|Any CPU
		{36DC7B79-47AE-444F-A578-AF14D263DBE3}.Release|Any CPU.ActiveCfg = Release|Any CPU
		{36DC7B79-47AE-444F-A578-AF14D263DBE3}.Release|Any CPU.Build.0 = Release|Any CPU
		{01E5CB28-3BB6-4F40-8445-AE0760A9DDDC}.Debug|Any CPU.ActiveCfg = Debug|Any CPU
		{01E5CB28-3BB6-4F40-8445-AE0760A9DDDC}.Debug|Any CPU.Build.0 = Debug|Any CPU
		{01E5CB28-3BB6-4F40-8445-AE0760A9DDDC}.Release|Any CPU.ActiveCfg = Release|Any CPU
		{01E5CB28-3BB6-4F40-8445-AE0760A9DDDC}.Release|Any CPU.Build.0 = Release|Any CPU
	EndGlobalSection
	GlobalSection(SolutionProperties) = preSolution
		HideSolutionNode = FALSE
	EndGlobalSection
	GlobalSection(NestedProjects) = preSolution
		{473CC612-7CE9-4E0F-880E-34F56F586837} = {28AE6F15-5EAA-44AC-89D5-1BA3F252E8E9}
		{36DC7B79-47AE-444F-A578-AF14D263DBE3} = {28AE6F15-5EAA-44AC-89D5-1BA3F252E8E9}
		{01E5CB28-3BB6-4F40-8445-AE0760A9DDDC} = {28AE6F15-5EAA-44AC-89D5-1BA3F252E8E9}
	EndGlobalSection
	GlobalSection(ExtensibilityGlobals) = postSolution
		SolutionGuid = {A49E44B0-FE78-414A-A1CB-D6B3794E20DD}
	EndGlobalSection
EndGlobal
